
Microsoft Visual Studio Solution File, Format Version 10.00
# Visual Studio 2008
Project("{F184B08F-C81C-45F6-A57F-5ABD9991F28F}") = "lab3-WattJack", "lab3-WattJack\lab3-WattJack.vbproj", "{72CF722E-8DCA-4DFA-AF36-B5EABA92097D}"
EndProject
Global
	GlobalSection(SolutionConfigurationPlatforms) = preSolution
		Debug|Any CPU = Debug|Any CPU
		Release|Any CPU = Release|Any CPU
	EndGlobalSection
	GlobalSection(ProjectConfigurationPlatforms) = postSolution
		{72CF722E-8DCA-4DFA-AF36-B5EABA92097D}.Debug|Any CPU.ActiveCfg = Debug|Any CPU
		{72CF722E-8DCA-4DFA-AF36-B5EABA92097D}.Debug|Any CPU.Build.0 = Debug|Any CPU
		{72CF722E-8DCA-4DFA-AF36-B5EABA92097D}.Release|Any CPU.ActiveCfg = Release|Any CPU
		{72CF722E-8DCA-4DFA-AF36-B5EABA92097D}.Release|Any CPU.Build.0 = Release|Any CPU
	EndGlobalSection
	GlobalSection(SolutionProperties) = preSolution
		HideSolutionNode = FALSE
	EndGlobalSection
EndGlobal
